
Microsoft Visual Studio Solution File, Format Version 12.00
# Visual Studio Version 17
VisualStudioVersion = 17.4.33213.308
MinimumVisualStudioVersion = 10.0.40219.1
Project("{9A19103F-16F7-4668-BE54-9A1E7A4F7556}") = "database", "database\database.csproj", "{AAED349B-C0D9-4CDF-BC8C-DFDA081A75FD}"
EndProject
Global
	GlobalSection(SolutionConfigurationPlatforms) = preSolution
		Debug|Any CPU = Debug|Any CPU
		Release|Any CPU = Release|Any CPU
	EndGlobalSection
	GlobalSection(ProjectConfigurationPlatforms) = postSolution
		{AAED349B-C0D9-4CDF-BC8C-DFDA081A75FD}.Debug|Any CPU.ActiveCfg = Debug|Any CPU
		{AAED349B-C0D9-4CDF-BC8C-DFDA081A75FD}.Debug|Any CPU.Build.0 = Debug|Any CPU
		{AAED349B-C0D9-4CDF-BC8C-DFDA081A75FD}.Release|Any CPU.ActiveCfg = Release|Any CPU
		{AAED349B-C0D9-4CDF-BC8C-DFDA081A75FD}.Release|Any CPU.Build.0 = Release|Any CPU
	EndGlobalSection
	GlobalSection(SolutionProperties) = preSolution
		HideSolutionNode = FALSE
	EndGlobalSection
	GlobalSection(ExtensibilityGlobals) = postSolution
		SolutionGuid = {37166958-4349-4D38-83E9-9B90AACEA16A}
	EndGlobalSection
EndGlobal
